
Microsoft Visual Studio Solution File, Format Version 12.00
# Visual Studio 15
VisualStudioVersion = 15.0.26730.12
MinimumVisualStudioVersion = 10.0.40219.1
Project("{FAE04EC0-301F-11D3-BF4B-00C04F79EFBC}") = "InterfaceExceptionHandling", "InterfaceExceptionHandling\InterfaceExceptionHandling.csproj", "{B3639E15-B6DA-40F7-A0F7-B0BB7B8AF4FD}"
EndProject
Global
	GlobalSection(SolutionConfigurationPlatforms) = preSolution
		Debug|Any CPU = Debug|Any CPU
		Release|Any CPU = Release|Any CPU
	EndGlobalSection
	GlobalSection(ProjectConfigurationPlatforms) = postSolution
		{B3639E15-B6DA-40F7-A0F7-B0BB7B8AF4FD}.Debug|Any CPU.ActiveCfg = Debug|Any CPU
		{B3639E15-B6DA-40F7-A0F7-B0BB7B8AF4FD}.Debug|Any CPU.Build.0 = Debug|Any CPU
		{B3639E15-B6DA-40F7-A0F7-B0BB7B8AF4FD}.Release|Any CPU.ActiveCfg = Release|Any CPU
		{B3639E15-B6DA-40F7-A0F7-B0BB7B8AF4FD}.Release|Any CPU.Build.0 = Release|Any CPU
	EndGlobalSection
	GlobalSection(SolutionProperties) = preSolution
		HideSolutionNode = FALSE
	EndGlobalSection
	GlobalSection(ExtensibilityGlobals) = postSolution
		SolutionGuid = {76918C8B-5A6D-47F8-8A42-87B60ABD22A9}
	EndGlobalSection
EndGlobal
